
Microsoft Visual Studio Solution File, Format Version 12.00
# Visual Studio 14
VisualStudioVersion = 14.0.25420.1
MinimumVisualStudioVersion = 10.0.40219.1
Project("{FAE04EC0-301F-11D3-BF4B-00C04F79EFBC}") = "Examples", "Examples\Examples.csproj", "{49B11591-C942-479F-A864-AB2738E50EF0}"
EndProject
Project("{FAE04EC0-301F-11D3-BF4B-00C04F79EFBC}") = "Tests", "Tests\Tests.csproj", "{28AA032E-CACF-4C07-BF12-C4FBE71BC8BD}"
EndProject
Project("{D954291E-2A0B-460D-934E-DC6B0785DB48}") = "System.Net.FtpClient.Shared", "System.Net.FtpClient.Shared\System.Net.FtpClient.Shared.shproj", "{F6539BF3-2AE6-4AFD-98C5-CCE095A1F07F}"
EndProject
Project("{FAE04EC0-301F-11D3-BF4B-00C04F79EFBC}") = "System.Net.FtpClient.Net45", "System.Net.FtpClient.Net45\System.Net.FtpClient.Net45.csproj", "{A1B1348A-F1ED-4E79-B9B4-AF835D8885BE}"
EndProject
Project("{FAE04EC0-301F-11D3-BF4B-00C04F79EFBC}") = "System.Net.FtpClient.Net40", "System.Net.FtpClient.Net40\System.Net.FtpClient.Net40.csproj", "{B60C1FEE-0F10-486E-9B05-03A8F6070FDB}"
EndProject
Project("{FAE04EC0-301F-11D3-BF4B-00C04F79EFBC}") = "System.Net.FtpClient.Net20", "System.Net.FtpClient.Net20\System.Net.FtpClient.Net20.csproj", "{E89D4281-BBA1-4C95-8414-C3892885C8C6}"
EndProject
Project("{FAE04EC0-301F-11D3-BF4B-00C04F79EFBC}") = "System.Net.FtpClient.NetCore", "System.Net.FtpClient.NetCore\System.Net.FtpClient.NetCore.csproj", "{399AB7AC-9AB7-4616-9798-0DEFE5C00BF8}"
EndProject
Project("{D954291E-2A0B-460D-934E-DC6B0785DB48}") = "System.Net.FtpClient.Shared.AsyncTask", "System.Net.FtpClient.Shared.AsyncTask\System.Net.FtpClient.Shared.AsyncTask.shproj", "{C12A7E2D-0327-4D66-9C63-73FC05B3A850}"
EndProject
Project("{D954291E-2A0B-460D-934E-DC6B0785DB48}") = "System.Net.FtpClient.Shared.Async", "System.Net.FtpClient.Shared.Async\System.Net.FtpClient.Shared.Async.shproj", "{DD920204-4901-48D1-AF8E-BFA0530B69AC}"
EndProject
Global
	GlobalSection(SharedMSBuildProjectFiles) = preSolution
		System.Net.FtpClient.Shared.AsyncTask\System.Net.FtpClient.Shared.AsyncTask.projitems*{399ab7ac-9ab7-4616-9798-0defe5c00bf8}*SharedItemsImports = 4
		System.Net.FtpClient.Shared\System.Net.FtpClient.Shared.projitems*{399ab7ac-9ab7-4616-9798-0defe5c00bf8}*SharedItemsImports = 4
		System.Net.FtpClient.Shared.AsyncTask\System.Net.FtpClient.Shared.AsyncTask.projitems*{a1b1348a-f1ed-4e79-b9b4-af835d8885be}*SharedItemsImports = 4
		System.Net.FtpClient.Shared.Async\System.Net.FtpClient.Shared.Async.projitems*{a1b1348a-f1ed-4e79-b9b4-af835d8885be}*SharedItemsImports = 4
		System.Net.FtpClient.Shared\System.Net.FtpClient.Shared.projitems*{a1b1348a-f1ed-4e79-b9b4-af835d8885be}*SharedItemsImports = 4
		System.Net.FtpClient.Shared.Async\System.Net.FtpClient.Shared.Async.projitems*{b60c1fee-0f10-486e-9b05-03a8f6070fdb}*SharedItemsImports = 4
		System.Net.FtpClient.Shared\System.Net.FtpClient.Shared.projitems*{b60c1fee-0f10-486e-9b05-03a8f6070fdb}*SharedItemsImports = 4
		System.Net.FtpClient.Shared.AsyncTask\System.Net.FtpClient.Shared.AsyncTask.projitems*{c12a7e2d-0327-4d66-9c63-73fc05b3a850}*SharedItemsImports = 13
		System.Net.FtpClient.Shared.Async\System.Net.FtpClient.Shared.Async.projitems*{dd920204-4901-48d1-af8e-bfa0530b69ac}*SharedItemsImports = 13
		System.Net.FtpClient.Shared.Async\System.Net.FtpClient.Shared.Async.projitems*{e89d4281-bba1-4c95-8414-c3892885c8c6}*SharedItemsImports = 4
		System.Net.FtpClient.Shared\System.Net.FtpClient.Shared.projitems*{e89d4281-bba1-4c95-8414-c3892885c8c6}*SharedItemsImports = 4
		System.Net.FtpClient.Shared\System.Net.FtpClient.Shared.projitems*{f6539bf3-2ae6-4afd-98c5-cce095a1f07f}*SharedItemsImports = 13
	EndGlobalSection
	GlobalSection(SolutionConfigurationPlatforms) = preSolution
		Debug|Any CPU = Debug|Any CPU
		Release|Any CPU = Release|Any CPU
	EndGlobalSection
	GlobalSection(ProjectConfigurationPlatforms) = postSolution
		{49B11591-C942-479F-A864-AB2738E50EF0}.Debug|Any CPU.ActiveCfg = Debug|Any CPU
		{49B11591-C942-479F-A864-AB2738E50EF0}.Debug|Any CPU.Build.0 = Debug|Any CPU
		{49B11591-C942-479F-A864-AB2738E50EF0}.Release|Any CPU.ActiveCfg = Release|Any CPU
		{49B11591-C942-479F-A864-AB2738E50EF0}.Release|Any CPU.Build.0 = Release|Any CPU
		{28AA032E-CACF-4C07-BF12-C4FBE71BC8BD}.Debug|Any CPU.ActiveCfg = Debug|Any CPU
		{28AA032E-CACF-4C07-BF12-C4FBE71BC8BD}.Debug|Any CPU.Build.0 = Debug|Any CPU
		{28AA032E-CACF-4C07-BF12-C4FBE71BC8BD}.Release|Any CPU.ActiveCfg = Release|Any CPU
		{28AA032E-CACF-4C07-BF12-C4FBE71BC8BD}.Release|Any CPU.Build.0 = Release|Any CPU
		{A1B1348A-F1ED-4E79-B9B4-AF835D8885BE}.Debug|Any CPU.ActiveCfg = Debug|Any CPU
		{A1B1348A-F1ED-4E79-B9B4-AF835D8885BE}.Debug|Any CPU.Build.0 = Debug|Any CPU
		{A1B1348A-F1ED-4E79-B9B4-AF835D8885BE}.Release|Any CPU.ActiveCfg = Release|Any CPU
		{A1B1348A-F1ED-4E79-B9B4-AF835D8885BE}.Release|Any CPU.Build.0 = Release|Any CPU
		{B60C1FEE-0F10-486E-9B05-03A8F6070FDB}.Debug|Any CPU.ActiveCfg = Debug|Any CPU
		{B60C1FEE-0F10-486E-9B05-03A8F6070FDB}.Debug|Any CPU.Build.0 = Debug|Any CPU
		{B60C1FEE-0F10-486E-9B05-03A8F6070FDB}.Release|Any CPU.ActiveCfg = Release|Any CPU
		{B60C1FEE-0F10-486E-9B05-03A8F6070FDB}.Release|Any CPU.Build.0 = Release|Any CPU
		{E89D4281-BBA1-4C95-8414-C3892885C8C6}.Debug|Any CPU.ActiveCfg = Debug|Any CPU
		{E89D4281-BBA1-4C95-8414-C3892885C8C6}.Debug|Any CPU.Build.0 = Debug|Any CPU
		{E89D4281-BBA1-4C95-8414-C3892885C8C6}.Release|Any CPU.ActiveCfg = Release|Any CPU
		{E89D4281-BBA1-4C95-8414-C3892885C8C6}.Release|Any CPU.Build.0 = Release|Any CPU
		{399AB7AC-9AB7-4616-9798-0DEFE5C00BF8}.Debug|Any CPU.ActiveCfg = Debug|Any CPU
		{399AB7AC-9AB7-4616-9798-0DEFE5C00BF8}.Debug|Any CPU.Build.0 = Debug|Any CPU
		{399AB7AC-9AB7-4616-9798-0DEFE5C00BF8}.Release|Any CPU.ActiveCfg = Release|Any CPU
		{399AB7AC-9AB7-4616-9798-0DEFE5C00BF8}.Release|Any CPU.Build.0 = Release|Any CPU
	EndGlobalSection
	GlobalSection(SolutionProperties) = preSolution
		HideSolutionNode = FALSE
	EndGlobalSection
	GlobalSection(MonoDevelopProperties) = preSolution
		StartupItem = Tests\Tests.csproj
	EndGlobalSection
EndGlobal
